
Microsoft Visual Studio Solution File, Format Version 12.00
Project("{FAE04EC0-301F-11D3-BF4B-00C04F79EFBC}") = "CarDatabase", "CarDatabase\CarDatabase.csproj", "{2CF43C8E-3912-4FEC-9D64-6E2BDA94D4FA}"
EndProject
Project("{FAE04EC0-301F-11D3-BF4B-00C04F79EFBC}") = "CarDatabase.Tests", "CarDatabase.Tests\CarDatabase.Tests.csproj", "{5C9EAD94-A0BE-46D5-9A22-544C231CC599}"
EndProject
Global
	GlobalSection(SolutionConfigurationPlatforms) = preSolution
		Debug|Any CPU = Debug|Any CPU
		Debug|x64 = Debug|x64
		Debug|x86 = Debug|x86
		Release|Any CPU = Release|Any CPU
		Release|x64 = Release|x64
		Release|x86 = Release|x86
	EndGlobalSection
	GlobalSection(ProjectConfigurationPlatforms) = postSolution
		{2CF43C8E-3912-4FEC-9D64-6E2BDA94D4FA}.Debug|Any CPU.ActiveCfg = Debug|Any CPU
		{2CF43C8E-3912-4FEC-9D64-6E2BDA94D4FA}.Debug|Any CPU.Build.0 = Debug|Any CPU
		{2CF43C8E-3912-4FEC-9D64-6E2BDA94D4FA}.Debug|x64.ActiveCfg = Debug|Any CPU
		{2CF43C8E-3912-4FEC-9D64-6E2BDA94D4FA}.Debug|x64.Build.0 = Debug|Any CPU
		{2CF43C8E-3912-4FEC-9D64-6E2BDA94D4FA}.Debug|x86.ActiveCfg = Debug|Any CPU
		{2CF43C8E-3912-4FEC-9D64-6E2BDA94D4FA}.Debug|x86.Build.0 = Debug|Any CPU
		{2CF43C8E-3912-4FEC-9D64-6E2BDA94D4FA}.Release|Any CPU.ActiveCfg = Release|Any CPU
		{2CF43C8E-3912-4FEC-9D64-6E2BDA94D4FA}.Release|Any CPU.Build.0 = Release|Any CPU
		{2CF43C8E-3912-4FEC-9D64-6E2BDA94D4FA}.Release|x64.ActiveCfg = Release|Any CPU
		{2CF43C8E-3912-4FEC-9D64-6E2BDA94D4FA}.Release|x64.Build.0 = Release|Any CPU
		{2CF43C8E-3912-4FEC-9D64-6E2BDA94D4FA}.Release|x86.ActiveCfg = Release|Any CPU
		{2CF43C8E-3912-4FEC-9D64-6E2BDA94D4FA}.Release|x86.Build.0 = Release|Any CPU
		{5C9EAD94-A0BE-46D5-9A22-544C231CC599}.Debug|Any CPU.ActiveCfg = Debug|Any CPU
		{5C9EAD94-A0BE-46D5-9A22-544C231CC599}.Debug|Any CPU.Build.0 = Debug|Any CPU
		{5C9EAD94-A0BE-46D5-9A22-544C231CC599}.Debug|x64.ActiveCfg = Debug|Any CPU
		{5C9EAD94-A0BE-46D5-9A22-544C231CC599}.Debug|x64.Build.0 = Debug|Any CPU
		{5C9EAD94-A0BE-46D5-9A22-544C231CC599}.Debug|x86.ActiveCfg = Debug|Any CPU
		{5C9EAD94-A0BE-46D5-9A22-544C231CC599}.Debug|x86.Build.0 = Debug|Any CPU
		{5C9EAD94-A0BE-46D5-9A22-544C231CC599}.Release|Any CPU.ActiveCfg = Release|Any CPU
		{5C9EAD94-A0BE-46D5-9A22-544C231CC599}.Release|Any CPU.Build.0 = Release|Any CPU
		{5C9EAD94-A0BE-46D5-9A22-544C231CC599}.Release|x64.ActiveCfg = Release|Any CPU
		{5C9EAD94-A0BE-46D5-9A22-544C231CC599}.Release|x64.Build.0 = Release|Any CPU
		{5C9EAD94-A0BE-46D5-9A22-544C231CC599}.Release|x86.ActiveCfg = Release|Any CPU
		{5C9EAD94-A0BE-46D5-9A22-544C231CC599}.Release|x86.Build.0 = Release|Any CPU
	EndGlobalSection
	GlobalSection(SolutionProperties) = preSolution
		HideSolutionNode = FALSE
	EndGlobalSection
EndGlobal
